
Microsoft Visual Studio Solution File, Format Version 12.00
# Visual Studio Version 17
VisualStudioVersion = 17.4.33213.308
MinimumVisualStudioVersion = 10.0.40219.1
Project("{8BC9CEB8-8B4A-11D0-8D11-00A0C91BC942}") = "ConsoleApplication2", "ConsoleApplication2\ConsoleApplication2.vcxproj", "{FAC41BDA-7EF8-4119-B948-6680877AA54C}"
EndProject
Project("{888888A0-9F3D-457C-B088-3A5042F75D52}") = "Emb", "Emb\Emb.pyproj", "{D71F3652-6C17-4940-B415-27E57943D801}"
EndProject
Global
	GlobalSection(SolutionConfigurationPlatforms) = preSolution
		Debug|Any CPU = Debug|Any CPU
		Debug|x64 = Debug|x64
		Debug|x86 = Debug|x86
		Release|Any CPU = Release|Any CPU
		Release|x64 = Release|x64
		Release|x86 = Release|x86
	EndGlobalSection
	GlobalSection(ProjectConfigurationPlatforms) = postSolution
		{FAC41BDA-7EF8-4119-B948-6680877AA54C}.Debug|Any CPU.ActiveCfg = Debug|x64
		{FAC41BDA-7EF8-4119-B948-6680877AA54C}.Debug|Any CPU.Build.0 = Debug|x64
		{FAC41BDA-7EF8-4119-B948-6680877AA54C}.Debug|x64.ActiveCfg = Debug|x64
		{FAC41BDA-7EF8-4119-B948-6680877AA54C}.Debug|x64.Build.0 = Debug|x64
		{FAC41BDA-7EF8-4119-B948-6680877AA54C}.Debug|x86.ActiveCfg = Debug|Win32
		{FAC41BDA-7EF8-4119-B948-6680877AA54C}.Debug|x86.Build.0 = Debug|Win32
		{FAC41BDA-7EF8-4119-B948-6680877AA54C}.Release|Any CPU.ActiveCfg = Release|x64
		{FAC41BDA-7EF8-4119-B948-6680877AA54C}.Release|Any CPU.Build.0 = Release|x64
		{FAC41BDA-7EF8-4119-B948-6680877AA54C}.Release|x64.ActiveCfg = Release|x64
		{FAC41BDA-7EF8-4119-B948-6680877AA54C}.Release|x64.Build.0 = Release|x64
		{FAC41BDA-7EF8-4119-B948-6680877AA54C}.Release|x86.ActiveCfg = Release|Win32
		{FAC41BDA-7EF8-4119-B948-6680877AA54C}.Release|x86.Build.0 = Release|Win32
		{D71F3652-6C17-4940-B415-27E57943D801}.Debug|Any CPU.ActiveCfg = Debug|Any CPU
		{D71F3652-6C17-4940-B415-27E57943D801}.Debug|x64.ActiveCfg = Debug|Any CPU
		{D71F3652-6C17-4940-B415-27E57943D801}.Debug|x86.ActiveCfg = Debug|Any CPU
		{D71F3652-6C17-4940-B415-27E57943D801}.Release|Any CPU.ActiveCfg = Release|Any CPU
		{D71F3652-6C17-4940-B415-27E57943D801}.Release|x64.ActiveCfg = Release|Any CPU
		{D71F3652-6C17-4940-B415-27E57943D801}.Release|x86.ActiveCfg = Release|Any CPU
	EndGlobalSection
	GlobalSection(SolutionProperties) = preSolution
		HideSolutionNode = FALSE
	EndGlobalSection
	GlobalSection(ExtensibilityGlobals) = postSolution
		SolutionGuid = {62807526-B1A1-47D8-8096-915A04ECEF49}
	EndGlobalSection
EndGlobal
